{
  "requires": true,
  "lockfileVersion": 1,
  "dependencies": {
    "angular": {
      "version": "1.6.7",
      "resolved": "https://registry.npmjs.org/angular/-/angular-1.6.7.tgz",
      "integrity": "sha1-D4mDfa4XdrAcyx+iCW2w2Tc9mJc="
    },
    "angular-bootstrap-datetimepicker": {
      "version": "1.1.4",
      "resolved": "https://registry.npmjs.org/angular-bootstrap-datetimepicker/-/angular-bootstrap-datetimepicker-1.1.4.tgz",
      "integrity": "sha1-j2kFWuWyxRoGMbaFvwnBSeTymt4=",
      "requires": {
        "angular": "1.6.7",
        "moment": "2.19.4"
      }
    },
    "moment": {
      "version": "2.19.4",
      "resolved": "https://registry.npmjs.org/moment/-/moment-2.19.4.tgz",
      "integrity": "sha512-1xFTAknSLfc47DIxHDUbnJWC+UwgWxATmymaxIPQpmMh7LBm7ZbwVEsuushqwL2GYZU0jie4xO+TK44hJPjNSQ=="
    }
  }
}
